<?xml version="1.0" encoding="utf-8"?>
<Project ToolsVersion="4.0" xmlns="http://schemas.microsoft.com/developer/msbuild/2003">
  <ItemGroup>
    <Filter Include="Window">
      <UniqueIdentifier>{a2afd9c9-acc8-4e38-97f4-1f151d48ec6d}</UniqueIdentifier>
    </Filter>
    <Filter Include="GLFWInitializer">
      <UniqueIdentifier>{70f88da4-b6bd-440c-8e53-fb35d932388d}</UniqueIdentifier>
    </Filter>
    <Filter Include="Light">
      <UniqueIdentifier>{2e7cf04a-d93f-49bf-a5e6-6f17b1790a2c}</UniqueIdentifier>
    </Filter>
    <Filter Include="stb_image">
      <UniqueIdentifier>{3c0a77dd-ef34-4a6f-8099-59d3d62ce1d0}</UniqueIdentifier>
    </Filter>
    <Filter Include="Cottage">
      <UniqueIdentifier>{bb55228a-fa38-4712-b4e9-cc8e67f68cd8}</UniqueIdentifier>
    </Filter>
    <Filter Include="Textures">
      <UniqueIdentifier>{119a65e8-b292-48d8-99c8-fedd9a3b2557}</UniqueIdentifier>
    </Filter>
    <Filter Include="Shapes">
      <UniqueIdentifier>{9f4e5dcf-372e-4eb1-808c-78c38aba4c2a}</UniqueIdentifier>
    </Filter>
  </ItemGroup>
  <ItemGroup>
    <None Include="packages.config" />
  </ItemGroup>
  <ItemGroup>
    <ClCompile Include="Window.cpp">
      <Filter>Window</Filter>
    </ClCompile>
    <ClCompile Include="BaseWindow.cpp">
      <Filter>Window</Filter>
    </ClCompile>
    <ClCompile Include="GLFWInitializer.cpp">
      <Filter>GLFWInitializer</Filter>
    </ClCompile>
    <ClCompile Include="DirectLight.cpp">
      <Filter>Light</Filter>
    </ClCompile>
    <ClCompile Include="main.cpp" />
    <ClCompile Include="stb_image.cpp">
      <Filter>stb_image</Filter>
    </ClCompile>
    <ClCompile Include="Cottage.cpp">
      <Filter>Cottage</Filter>
    </ClCompile>
    <ClCompile Include="TextureLoader.cpp">
      <Filter>Textures</Filter>
    </ClCompile>
    <ClCompile Include="TextureHandle.cpp">
      <Filter>Textures</Filter>
    </ClCompile>
    <ClCompile Include="TexturedCube.cpp">
      <Filter>Shapes</Filter>
    </ClCompile>
    <ClCompile Include="TexturedRectangle.cpp">
      <Filter>Shapes</Filter>
    </ClCompile>
    <ClCompile Include="Environment.cpp">
      <Filter>Cottage</Filter>
    </ClCompile>
  </ItemGroup>
  <ItemGroup>
    <ClInclude Include="Window.h">
      <Filter>Window</Filter>
    </ClInclude>
    <ClInclude Include="BaseWindow.h">
      <Filter>Window</Filter>
    </ClInclude>
    <ClInclude Include="GLFWInitializer.h">
      <Filter>GLFWInitializer</Filter>
    </ClInclude>
    <ClInclude Include="DirectLight.h">
      <Filter>Light</Filter>
    </ClInclude>
    <ClInclude Include="common_inc.h" />
    <ClInclude Include="stb_image.h">
      <Filter>stb_image</Filter>
    </ClInclude>
    <ClInclude Include="Cottage.h">
      <Filter>Cottage</Filter>
    </ClInclude>
    <ClInclude Include="TextureLoader.h">
      <Filter>Textures</Filter>
    </ClInclude>
    <ClInclude Include="TextureHandle.h">
      <Filter>Textures</Filter>
    </ClInclude>
    <ClInclude Include="TexturedCube.h">
      <Filter>Shapes</Filter>
    </ClInclude>
    <ClInclude Include="TexturedRectangle.h">
      <Filter>Shapes</Filter>
    </ClInclude>
    <ClInclude Include="Environment.h">
      <Filter>Cottage</Filter>
    </ClInclude>
  </ItemGroup>
</Project>